
Microsoft Visual Studio Solution File, Format Version 12.00
# Visual Studio 15
VisualStudioVersion = 15.0.28010.2026
MinimumVisualStudioVersion = 10.0.40219.1
Project("{FAE04EC0-301F-11D3-BF4B-00C04F79EFBC}") = "AutoUpdate", "AutoUpdate\AutoUpdate.csproj", "{9190F707-CD05-467F-9B5D-6875077E3474}"
EndProject
Project("{FAE04EC0-301F-11D3-BF4B-00C04F79EFBC}") = "MAutoUpdate.Test", "MAutoUpdate.Test\MAutoUpdate.Test.csproj", "{358B5470-372D-465C-A4EE-EBEE76D3DD3A}"
EndProject
Global
	GlobalSection(SolutionConfigurationPlatforms) = preSolution
		Debug|Any CPU = Debug|Any CPU
		Release|Any CPU = Release|Any CPU
	EndGlobalSection
	GlobalSection(ProjectConfigurationPlatforms) = postSolution
		{9190F707-CD05-467F-9B5D-6875077E3474}.Debug|Any CPU.ActiveCfg = Debug|Any CPU
		{9190F707-CD05-467F-9B5D-6875077E3474}.Debug|Any CPU.Build.0 = Debug|Any CPU
		{9190F707-CD05-467F-9B5D-6875077E3474}.Release|Any CPU.ActiveCfg = Release|Any CPU
		{9190F707-CD05-467F-9B5D-6875077E3474}.Release|Any CPU.Build.0 = Release|Any CPU
		{358B5470-372D-465C-A4EE-EBEE76D3DD3A}.Debug|Any CPU.ActiveCfg = Debug|Any CPU
		{358B5470-372D-465C-A4EE-EBEE76D3DD3A}.Debug|Any CPU.Build.0 = Debug|Any CPU
		{358B5470-372D-465C-A4EE-EBEE76D3DD3A}.Release|Any CPU.ActiveCfg = Release|Any CPU
		{358B5470-372D-465C-A4EE-EBEE76D3DD3A}.Release|Any CPU.Build.0 = Release|Any CPU
	EndGlobalSection
	GlobalSection(SolutionProperties) = preSolution
		HideSolutionNode = FALSE
	EndGlobalSection
	GlobalSection(ExtensibilityGlobals) = postSolution
		SolutionGuid = {45CFA36E-8A5A-43F8-91A4-1DAB4055C1C8}
	EndGlobalSection
EndGlobal
